
Microsoft Visual Studio Solution File, Format Version 12.00
# Visual Studio Version 17
VisualStudioVersion = 17.2.32616.157
MinimumVisualStudioVersion = 10.0.40219.1
Project("{9A19103F-16F7-4668-BE54-9A1E7A4F7556}") = "DisplayResolutionChanger", "DisplayResolutionChanger.csproj", "{AC6A5055-6107-4923-B9C7-BB8718F7370F}"
EndProject
Global
	GlobalSection(SolutionConfigurationPlatforms) = preSolution
		Debug|Any CPU = Debug|Any CPU
		Release|Any CPU = Release|Any CPU
	EndGlobalSection
	GlobalSection(ProjectConfigurationPlatforms) = postSolution
		{AC6A5055-6107-4923-B9C7-BB8718F7370F}.Debug|Any CPU.ActiveCfg = Debug|Any CPU
		{AC6A5055-6107-4923-B9C7-BB8718F7370F}.Debug|Any CPU.Build.0 = Debug|Any CPU
		{AC6A5055-6107-4923-B9C7-BB8718F7370F}.Release|Any CPU.ActiveCfg = Release|Any CPU
		{AC6A5055-6107-4923-B9C7-BB8718F7370F}.Release|Any CPU.Build.0 = Release|Any CPU
	EndGlobalSection
	GlobalSection(SolutionProperties) = preSolution
		HideSolutionNode = FALSE
	EndGlobalSection
	GlobalSection(ExtensibilityGlobals) = postSolution
		SolutionGuid = {13E545A8-9CF7-4092-AFB1-CD31DE2D8920}
	EndGlobalSection
EndGlobal
